
Microsoft Visual Studio Solution File, Format Version 12.00
# Visual Studio Version 17
VisualStudioVersion = 17.9.34728.123
MinimumVisualStudioVersion = 10.0.40219.1
Project("{9A19103F-16F7-4668-BE54-9A1E7A4F7556}") = "BookNested.Api", "ReposityWithUWO.Api\BookNested.Api.csproj", "{7C981F26-B194-43A9-ABAC-B6E83BAF7AC3}"
EndProject
Project("{9A19103F-16F7-4668-BE54-9A1E7A4F7556}") = "BookNested.Core", "RepositoryWithUOW.Core\BookNested.Core.csproj", "{DD53152C-7EA4-4F56-A7A8-CF37FC308CB9}"
EndProject
Project("{9A19103F-16F7-4668-BE54-9A1E7A4F7556}") = "BookNested.EF", "RepositoryWithUWO.EF\BookNested.EF.csproj", "{E10E6D7F-048F-4C0B-8FC2-F197443A4034}"
EndProject
Global
	GlobalSection(SolutionConfigurationPlatforms) = preSolution
		Debug|Any CPU = Debug|Any CPU
		Release|Any CPU = Release|Any CPU
	EndGlobalSection
	GlobalSection(ProjectConfigurationPlatforms) = postSolution
		{7C981F26-B194-43A9-ABAC-B6E83BAF7AC3}.Debug|Any CPU.ActiveCfg = Debug|Any CPU
		{7C981F26-B194-43A9-ABAC-B6E83BAF7AC3}.Debug|Any CPU.Build.0 = Debug|Any CPU
		{7C981F26-B194-43A9-ABAC-B6E83BAF7AC3}.Release|Any CPU.ActiveCfg = Release|Any CPU
		{7C981F26-B194-43A9-ABAC-B6E83BAF7AC3}.Release|Any CPU.Build.0 = Release|Any CPU
		{DD53152C-7EA4-4F56-A7A8-CF37FC308CB9}.Debug|Any CPU.ActiveCfg = Debug|Any CPU
		{DD53152C-7EA4-4F56-A7A8-CF37FC308CB9}.Debug|Any CPU.Build.0 = Debug|Any CPU
		{DD53152C-7EA4-4F56-A7A8-CF37FC308CB9}.Release|Any CPU.ActiveCfg = Release|Any CPU
		{DD53152C-7EA4-4F56-A7A8-CF37FC308CB9}.Release|Any CPU.Build.0 = Release|Any CPU
		{E10E6D7F-048F-4C0B-8FC2-F197443A4034}.Debug|Any CPU.ActiveCfg = Debug|Any CPU
		{E10E6D7F-048F-4C0B-8FC2-F197443A4034}.Debug|Any CPU.Build.0 = Debug|Any CPU
		{E10E6D7F-048F-4C0B-8FC2-F197443A4034}.Release|Any CPU.ActiveCfg = Release|Any CPU
		{E10E6D7F-048F-4C0B-8FC2-F197443A4034}.Release|Any CPU.Build.0 = Release|Any CPU
	EndGlobalSection
	GlobalSection(SolutionProperties) = preSolution
		HideSolutionNode = FALSE
	EndGlobalSection
	GlobalSection(ExtensibilityGlobals) = postSolution
		SolutionGuid = {3738A020-22BC-41E0-82D5-CEADAD3A8FDA}
	EndGlobalSection
EndGlobal
