
Microsoft Visual Studio Solution File, Format Version 12.00
# Visual Studio Version 17
VisualStudioVersion = 17.9.34728.123
MinimumVisualStudioVersion = 10.0.40219.1
Project("{9A19103F-16F7-4668-BE54-9A1E7A4F7556}") = "BookNest.Core", "BookNest.Core\BookNest.Core.csproj", "{90CEF011-6A60-4DF2-AE87-95AA763C2338}"
EndProject
Project("{9A19103F-16F7-4668-BE54-9A1E7A4F7556}") = "BookNest.EF", "BookNest.EF\BookNest.EF.csproj", "{FB1AC6A9-8DC8-4DFA-924C-BAF2661605E8}"
EndProject
Project("{9A19103F-16F7-4668-BE54-9A1E7A4F7556}") = "BookNest.Api", "BookNest.Api\BookNest.Api.csproj", "{AC453E7E-808F-40F2-9BE9-2C1F3989592A}"
EndProject
Global
	GlobalSection(SolutionConfigurationPlatforms) = preSolution
		Debug|Any CPU = Debug|Any CPU
		Release|Any CPU = Release|Any CPU
	EndGlobalSection
	GlobalSection(ProjectConfigurationPlatforms) = postSolution
		{90CEF011-6A60-4DF2-AE87-95AA763C2338}.Debug|Any CPU.ActiveCfg = Debug|Any CPU
		{90CEF011-6A60-4DF2-AE87-95AA763C2338}.Debug|Any CPU.Build.0 = Debug|Any CPU
		{90CEF011-6A60-4DF2-AE87-95AA763C2338}.Release|Any CPU.ActiveCfg = Release|Any CPU
		{90CEF011-6A60-4DF2-AE87-95AA763C2338}.Release|Any CPU.Build.0 = Release|Any CPU
		{FB1AC6A9-8DC8-4DFA-924C-BAF2661605E8}.Debug|Any CPU.ActiveCfg = Debug|Any CPU
		{FB1AC6A9-8DC8-4DFA-924C-BAF2661605E8}.Debug|Any CPU.Build.0 = Debug|Any CPU
		{FB1AC6A9-8DC8-4DFA-924C-BAF2661605E8}.Release|Any CPU.ActiveCfg = Release|Any CPU
		{FB1AC6A9-8DC8-4DFA-924C-BAF2661605E8}.Release|Any CPU.Build.0 = Release|Any CPU
		{AC453E7E-808F-40F2-9BE9-2C1F3989592A}.Debug|Any CPU.ActiveCfg = Debug|Any CPU
		{AC453E7E-808F-40F2-9BE9-2C1F3989592A}.Debug|Any CPU.Build.0 = Debug|Any CPU
		{AC453E7E-808F-40F2-9BE9-2C1F3989592A}.Release|Any CPU.ActiveCfg = Release|Any CPU
		{AC453E7E-808F-40F2-9BE9-2C1F3989592A}.Release|Any CPU.Build.0 = Release|Any CPU
	EndGlobalSection
	GlobalSection(SolutionProperties) = preSolution
		HideSolutionNode = FALSE
	EndGlobalSection
	GlobalSection(ExtensibilityGlobals) = postSolution
		SolutionGuid = {3738A020-22BC-41E0-82D5-CEADAD3A8FDA}
	EndGlobalSection
EndGlobal
